# This file is autogenerated, do not edit; changes may be undone by the next 'dep ensure'.


[[projects]]
  name = "github.com/davecgh/go-spew"
  packages = ["spew"]
  revision = "346938d642f2ec3594ed81d874461961cd0faa76"
  version = "v1.1.0"

[[projects]]
  name = "github.com/gizak/termui"
  packages = [
    ".",
    "debug"
  ]
  revision = "24acd523c756fd9728824cdfac66aad9d8982fb7"
  version = "v2.2.0"

[[projects]]
  name = "github.com/maruel/panicparse"
  packages = ["stack"]
  revision = "ad661195ed0e88491e0f14be6613304e3b1141d6"

[[projects]]
  name = "github.com/mattn/go-runewidth"
  packages = ["."]
  revision = "737072b4e32b7a5018b4a7125da8d12de90e8045"

[[projects]]
  branch = "master"
  name = "github.com/mitchellh/go-wordwrap"
  packages = ["."]
  revision = "ad45545899c7b13c020ea92b2072220eefad42b8"

[[projects]]
  name = "github.com/nsf/termbox-go"
  packages = ["."]
  revision = "b6acae516ace002cb8105a89024544a1480655a5"

[[projects]]
  name = "github.com/pmezard/go-difflib"
  packages = ["difflib"]
  revision = "d8ed2627bdf02c080bf22230dbb337003b7aba2d"

[[projects]]
  name = "github.com/stretchr/testify"
  packages = ["assert"]
  revision = "976c720a22c8eb4eb6a0b4348ad85ad12491a506"

[[projects]]
  name = "golang.org/x/net"
  packages = ["websocket"]
  revision = "569280fa63be4e201b975e5411e30a92178f0118"

[solve-meta]
  analyzer-name = "dep"
  analyzer-version = 1
  inputs-digest = "fba2f05a8cd60bb1f1244a2dde3842a6d54f5f8cbe168e619fb55ea54ed7407e"
  solver-name = "gps-cdcl"
  solver-version = 1
